// !$*UTF8*$!
{
	archiveVersion = 1;
	classes = {
	};
	objectVersion = 52;
	objects = {

/* Begin PBXBuildFile section */
		CB0F138B2656BEAF00162F1F /* MyAppApp.swift in Sources */ = {isa = PBXBuildFile; fileRef = CB0F13782656BEAE00162F1F /* MyAppApp.swift */; };
		CB0F138C2656BEAF00162F1F /* MyAppApp.swift in Sources */ = {isa = PBXBuildFile; fileRef = CB0F13782656BEAE00162F1F /* MyAppApp.swift */; };
		CB0F138F2656BEAF00162F1F /* Assets.xcassets in Resources */ = {isa = PBXBuildFile; fileRef = CB0F137A2656BEAF00162F1F /* Assets.xcassets */; };
		CB0F13902656BEAF00162F1F /* Assets.xcassets in Resources */ = {isa = PBXBuildFile; fileRef = CB0F137A2656BEAF00162F1F /* Assets.xcassets */; };
		CB0F139C2656C29100162F1F /* MyAppPackage in Frameworks */ = {isa = PBXBuildFile; productRef = CB0F139B2656C29100162F1F /* MyAppPackage */; };
		CB0F139E2656C30900162F1F /* MyAppPackage in Frameworks */ = {isa = PBXBuildFile; productRef = CB0F139D2656C30900162F1F /* MyAppPackage */; };
/* End PBXBuildFile section */

/* Begin PBXFileReference section */
		CB0F13782656BEAE00162F1F /* MyAppApp.swift */ = {isa = PBXFileReference; lastKnownFileType = sourcecode.swift; path = MyAppApp.swift; sourceTree = "<group>"; };
		CB0F137A2656BEAF00162F1F /* Assets.xcassets */ = {isa = PBXFileReference; lastKnownFileType = folder.assetcatalog; path = Assets.xcassets; sourceTree = "<group>"; };
		CB0F137F2656BEAF00162F1F /* MyApp.app */ = {isa = PBXFileReference; explicitFileType = wrapper.application; includeInIndex = 0; path = MyApp.app; sourceTree = BUILT_PRODUCTS_DIR; };
		CB0F13822656BEAF00162F1F /* Info.plist */ = {isa = PBXFileReference; lastKnownFileType = text.plist.xml; path = Info.plist; sourceTree = "<group>"; };
		CB0F13872656BEAF00162F1F /* MyApp.app */ = {isa = PBXFileReference; explicitFileType = wrapper.application; includeInIndex = 0; path = MyApp.app; sourceTree = BUILT_PRODUCTS_DIR; };
		CB0F13892656BEAF00162F1F /* Info.plist */ = {isa = PBXFileReference; lastKnownFileType = text.plist.xml; path = Info.plist; sourceTree = "<group>"; };
		CB0F138A2656BEAF00162F1F /* macOS.entitlements */ = {isa = PBXFileReference; lastKnownFileType = text.plist.entitlements; path = macOS.entitlements; sourceTree = "<group>"; };
/* End PBXFileReference section */

/* Begin PBXFrameworksBuildPhase section */
		CB0F137C2656BEAF00162F1F /* Frameworks */ = {
			isa = PBXFrameworksBuildPhase;
			buildActionMask = 2147483647;
			files = (
				CB0F139C2656C29100162F1F /* MyAppPackage in Frameworks */,
			);
			runOnlyForDeploymentPostprocessing = 0;
		};
		CB0F13842656BEAF00162F1F /* Frameworks */ = {
			isa = PBXFrameworksBuildPhase;
			buildActionMask = 2147483647;
			files = (
				CB0F139E2656C30900162F1F /* MyAppPackage in Frameworks */,
			);
			runOnlyForDeploymentPostprocessing = 0;
		};
/* End PBXFrameworksBuildPhase section */

/* Begin PBXGroup section */
		CB0F13722656BEAE00162F1F = {
			isa = PBXGroup;
			children = (
				CB0F13772656BEAE00162F1F /* Shared */,
				CB0F13812656BEAF00162F1F /* iOS */,
				CB0F13882656BEAF00162F1F /* macOS */,
				CB0F13802656BEAF00162F1F /* Products */,
				CB0F139A2656C29100162F1F /* Frameworks */,
			);
			sourceTree = "<group>";
		};
		CB0F13772656BEAE00162F1F /* Shared */ = {
			isa = PBXGroup;
			children = (
				CB0F13782656BEAE00162F1F /* MyAppApp.swift */,
				CB0F137A2656BEAF00162F1F /* Assets.xcassets */,
			);
			path = Shared;
			sourceTree = "<group>";
		};
		CB0F13802656BEAF00162F1F /* Products */ = {
			isa = PBXGroup;
			children = (
				CB0F137F2656BEAF00162F1F /* MyApp.app */,
				CB0F13872656BEAF00162F1F /* MyApp.app */,
			);
			name = Products;
			sourceTree = "<group>";
		};
		CB0F13812656BEAF00162F1F /* iOS */ = {
			isa = PBXGroup;
			children = (
				CB0F13822656BEAF00162F1F /* Info.plist */,
			);
			path = iOS;
			sourceTree = "<group>";
		};
		CB0F13882656BEAF00162F1F /* macOS */ = {
			isa = PBXGroup;
			children = (
				CB0F13892656BEAF00162F1F /* Info.plist */,
				CB0F138A2656BEAF00162F1F /* macOS.entitlements */,
			);
			path = macOS;
			sourceTree = "<group>";
		};
		CB0F139A2656C29100162F1F /* Frameworks */ = {
			isa = PBXGroup;
			children = (
			);
			name = Frameworks;
			sourceTree = "<group>";
		};
/* End PBXGroup section */

/* Begin PBXNativeTarget section */
		CB0F137E2656BEAF00162F1F /* MyApp (iOS) */ = {
			isa = PBXNativeTarget;
			buildConfigurationList = CB0F13932656BEAF00162F1F /* Build configuration list for PBXNativeTarget "MyApp (iOS)" */;
			buildPhases = (
				CB0F137B2656BEAF00162F1F /* Sources */,
				CB0F137C2656BEAF00162F1F /* Frameworks */,
				CB0F137D2656BEAF00162F1F /* Resources */,
			);
			buildRules = (
			);
			dependencies = (
			);
			name = "MyApp (iOS)";
			packageProductDependencies = (
				CB0F139B2656C29100162F1F /* MyAppPackage */,
			);
			productName = "MyApp (iOS)";
			productReference = CB0F137F2656BEAF00162F1F /* MyApp.app */;
			productType = "com.apple.product-type.application";
		};
		CB0F13862656BEAF00162F1F /* MyApp (macOS) */ = {
			isa = PBXNativeTarget;
			buildConfigurationList = CB0F13962656BEAF00162F1F /* Build configuration list for PBXNativeTarget "MyApp (macOS)" */;
			buildPhases = (
				CB0F13832656BEAF00162F1F /* Sources */,
				CB0F13842656BEAF00162F1F /* Frameworks */,
				CB0F13852656BEAF00162F1F /* Resources */,
			);
			buildRules = (
			);
			dependencies = (
			);
			name = "MyApp (macOS)";
			packageProductDependencies = (
				CB0F139D2656C30900162F1F /* MyAppPackage */,
			);
			productName = "MyApp (macOS)";
			productReference = CB0F13872656BEAF00162F1F /* MyApp.app */;
			productType = "com.apple.product-type.application";
		};
/* End PBXNativeTarget section */

/* Begin PBXProject section */
		CB0F13732656BEAE00162F1F /* Project object */ = {
			isa = PBXProject;
			attributes = {
				LastSwiftUpdateCheck = 1250;
				LastUpgradeCheck = 1250;
				TargetAttributes = {
					CB0F137E2656BEAF00162F1F = {
						CreatedOnToolsVersion = 12.5;
					};
					CB0F13862656BEAF00162F1F = {
						CreatedOnToolsVersion = 12.5;
					};
				};
			};
			buildConfigurationList = CB0F13762656BEAE00162F1F /* Build configuration list for PBXProject "MyApp" */;
			compatibilityVersion = "Xcode 9.3";
			developmentRegion = en;
			hasScannedForEncodings = 0;
			knownRegions = (
				en,
				Base,
			);
			mainGroup = CB0F13722656BEAE00162F1F;
			productRefGroup = CB0F13802656BEAF00162F1F /* Products */;
			projectDirPath = "";
			projectRoot = "";
			targets = (
				CB0F137E2656BEAF00162F1F /* MyApp (iOS) */,
				CB0F13862656BEAF00162F1F /* MyApp (macOS) */,
			);
		};
/* End PBXProject section */

/* Begin PBXResourcesBuildPhase section */
		CB0F137D2656BEAF00162F1F /* Resources */ = {
			isa = PBXResourcesBuildPhase;
			buildActionMask = 2147483647;
			files = (
				CB0F138F2656BEAF00162F1F /* Assets.xcassets in Resources */,
			);
			runOnlyForDeploymentPostprocessing = 0;
		};
		CB0F13852656BEAF00162F1F /* Resources */ = {
			isa = PBXResourcesBuildPhase;
			buildActionMask = 2147483647;
			files = (
				CB0F13902656BEAF00162F1F /* Assets.xcassets in Resources */,
			);
			runOnlyForDeploymentPostprocessing = 0;
		};
/* End PBXResourcesBuildPhase section */

/* Begin PBXSourcesBuildPhase section */
		CB0F137B2656BEAF00162F1F /* Sources */ = {
			isa = PBXSourcesBuildPhase;
			buildActionMask = 2147483647;
			files = (
				CB0F138B2656BEAF00162F1F /* MyAppApp.swift in Sources */,
			);
			runOnlyForDeploymentPostprocessing = 0;
		};
		CB0F13832656BEAF00162F1F /* Sources */ = {
			isa = PBXSourcesBuildPhase;
			buildActionMask = 2147483647;
			files = (
				CB0F138C2656BEAF00162F1F /* MyAppApp.swift in Sources */,
			);
			runOnlyForDeploymentPostprocessing = 0;
		};
/* End PBXSourcesBuildPhase section */

/* Begin XCBuildConfiguration section */
		CB0F13912656BEAF00162F1F /* Debug */ = {
			isa = XCBuildConfiguration;
			buildSettings = {
				ALWAYS_SEARCH_USER_PATHS = NO;
				CLANG_ANALYZER_NONNULL = YES;
				CLANG_ANALYZER_NUMBER_OBJECT_CONVERSION = YES_AGGRESSIVE;
				CLANG_CXX_LANGUAGE_STANDARD = "gnu++14";
				CLANG_CXX_LIBRARY = "libc++";
				CLANG_ENABLE_MODULES = YES;
				CLANG_ENABLE_OBJC_ARC = YES;
				CLANG_ENABLE_OBJC_WEAK = YES;
				CLANG_WARN_BLOCK_CAPTURE_AUTORELEASING = YES;
				CLANG_WARN_BOOL_CONVERSION = YES;
				CLANG_WARN_COMMA = YES;
				CLANG_WARN_CONSTANT_CONVERSION = YES;
				CLANG_WARN_DEPRECATED_OBJC_IMPLEMENTATIONS = YES;
				CLANG_WARN_DIRECT_OBJC_ISA_USAGE = YES_ERROR;
				CLANG_WARN_DOCUMENTATION_COMMENTS = YES;
				CLANG_WARN_EMPTY_BODY = YES;
				CLANG_WARN_ENUM_CONVERSION = YES;
				CLANG_WARN_INFINITE_RECURSION = YES;
				CLANG_WARN_INT_CONVERSION = YES;
				CLANG_WARN_NON_LITERAL_NULL_CONVERSION = YES;
				CLANG_WARN_OBJC_IMPLICIT_RETAIN_SELF = YES;
				CLANG_WARN_OBJC_LITERAL_CONVERSION = YES;
				CLANG_WARN_OBJC_ROOT_CLASS = YES_ERROR;
				CLANG_WARN_QUOTED_INCLUDE_IN_FRAMEWORK_HEADER = YES;
				CLANG_WARN_RANGE_LOOP_ANALYSIS = YES;
				CLANG_WARN_STRICT_PROTOTYPES = YES;
				CLANG_WARN_SUSPICIOUS_MOVE = YES;
				CLANG_WARN_UNGUARDED_AVAILABILITY = YES_AGGRESSIVE;
				CLANG_WARN_UNREACHABLE_CODE = YES;
				CLANG_WARN__DUPLICATE_METHOD_MATCH = YES;
				COPY_PHASE_STRIP = NO;
				DEBUG_INFORMATION_FORMAT = dwarf;
				ENABLE_STRICT_OBJC_MSGSEND = YES;
				ENABLE_TESTABILITY = YES;
				GCC_C_LANGUAGE_STANDARD = gnu11;
				GCC_DYNAMIC_NO_PIC = NO;
				GCC_NO_COMMON_BLOCKS = YES;
				GCC_OPTIMIZATION_LEVEL = 0;
				GCC_PREPROCESSOR_DEFINITIONS = (
					"DEBUG=1",
					"$(inherited)",
				);
				GCC_WARN_64_TO_32_BIT_CONVERSION = YES;
				GCC_WARN_ABOUT_RETURN_TYPE = YES_ERROR;
				GCC_WARN_UNDECLARED_SELECTOR = YES;
				GCC_WARN_UNINITIALIZED_AUTOS = YES_AGGRESSIVE;
				GCC_WARN_UNUSED_FUNCTION = YES;
				GCC_WARN_UNUSED_VARIABLE = YES;
				MTL_ENABLE_DEBUG_INFO = INCLUDE_SOURCE;
				MTL_FAST_MATH = YES;
				ONLY_ACTIVE_ARCH = YES;
				SWIFT_ACTIVE_COMPILATION_CONDITIONS = DEBUG;
				SWIFT_OPTIMIZATION_LEVEL = "-Onone";
			};
			name = Debug;
		};
		CB0F13922656BEAF00162F1F /* Release */ = {
			isa = XCBuildConfiguration;
			buildSettings = {
				ALWAYS_SEARCH_USER_PATHS = NO;
				CLANG_ANALYZER_NONNULL = YES;
				CLANG_ANALYZER_NUMBER_OBJECT_CONVERSION = YES_AGGRESSIVE;
				CLANG_CXX_LANGUAGE_STANDARD = "gnu++14";
				CLANG_CXX_LIBRARY = "libc++";
				CLANG_ENABLE_MODULES = YES;
				CLANG_ENABLE_OBJC_ARC = YES;
				CLANG_ENABLE_OBJC_WEAK = YES;
				CLANG_WARN_BLOCK_CAPTURE_AUTORELEASING = YES;
				CLANG_WARN_BOOL_CONVERSION = YES;
				CLANG_WARN_COMMA = YES;
				CLANG_WARN_CONSTANT_CONVERSION = YES;
				CLANG_WARN_DEPRECATED_OBJC_IMPLEMENTATIONS = YES;
				CLANG_WARN_DIRECT_OBJC_ISA_USAGE = YES_ERROR;
				CLANG_WARN_DOCUMENTATION_COMMENTS = YES;
				CLANG_WARN_EMPTY_BODY = YES;
				CLANG_WARN_ENUM_CONVERSION = YES;
				CLANG_WARN_INFINITE_RECURSION = YES;
				CLANG_WARN_INT_CONVERSION = YES;
				CLANG_WARN_NON_LITERAL_NULL_CONVERSION = YES;
				CLANG_WARN_OBJC_IMPLICIT_RETAIN_SELF = YES;
				CLANG_WARN_OBJC_LITERAL_CONVERSION = YES;
				CLANG_WARN_OBJC_ROOT_CLASS = YES_ERROR;
				CLANG_WARN_QUOTED_INCLUDE_IN_FRAMEWORK_HEADER = YES;
				CLANG_WARN_RANGE_LOOP_ANALYSIS = YES;
				CLANG_WARN_STRICT_PROTOTYPES = YES;
				CLANG_WARN_SUSPICIOUS_MOVE = YES;
				CLANG_WARN_UNGUARDED_AVAILABILITY = YES_AGGRESSIVE;
				CLANG_WARN_UNREACHABLE_CODE = YES;
				CLANG_WARN__DUPLICATE_METHOD_MATCH = YES;
				COPY_PHASE_STRIP = NO;
				DEBUG_INFORMATION_FORMAT = "dwarf-with-dsym";
				ENABLE_NS_ASSERTIONS = NO;
				ENABLE_STRICT_OBJC_MSGSEND = YES;
				GCC_C_LANGUAGE_STANDARD = gnu11;
				GCC_NO_COMMON_BLOCKS = YES;
				GCC_WARN_64_TO_32_BIT_CONVERSION = YES;
				GCC_WARN_ABOUT_RETURN_TYPE = YES_ERROR;
				GCC_WARN_UNDECLARED_SELECTOR = YES;
				GCC_WARN_UNINITIALIZED_AUTOS = YES_AGGRESSIVE;
				GCC_WARN_UNUSED_FUNCTION = YES;
				GCC_WARN_UNUSED_VARIABLE = YES;
				MTL_ENABLE_DEBUG_INFO = NO;
				MTL_FAST_MATH = YES;
				SWIFT_COMPILATION_MODE = wholemodule;
				SWIFT_OPTIMIZATION_LEVEL = "-O";
			};
			name = Release;
		};
		CB0F13942656BEAF00162F1F /* Debug */ = {
			isa = XCBuildConfiguration;
			buildSettings = {
				ASSETCATALOG_COMPILER_APPICON_NAME = AppIcon;
				ASSETCATALOG_COMPILER_GLOBAL_ACCENT_COLOR_NAME = AccentColor;
				CODE_SIGN_STYLE = Automatic;
				DEVELOPMENT_TEAM = "";
				ENABLE_PREVIEWS = YES;
				INFOPLIST_FILE = iOS/Info.plist;
				IPHONEOS_DEPLOYMENT_TARGET = 14.0;
				LD_RUNPATH_SEARCH_PATHS = (
					"$(inherited)",
					"@executable_path/Frameworks",
				);
				PRODUCT_BUNDLE_IDENTIFIER = jp.tret.MyApp;
				PRODUCT_NAME = MyApp;
				SDKROOT = iphoneos;
				SWIFT_VERSION = 5.0;
				TARGETED_DEVICE_FAMILY = "1,2";
			};
			name = Debug;
		};
		CB0F13952656BEAF00162F1F /* Release */ = {
			isa = XCBuildConfiguration;
			buildSettings = {
				ASSETCATALOG_COMPILER_APPICON_NAME = AppIcon;
				ASSETCATALOG_COMPILER_GLOBAL_ACCENT_COLOR_NAME = AccentColor;
				CODE_SIGN_STYLE = Automatic;
				DEVELOPMENT_TEAM = "";
				ENABLE_PREVIEWS = YES;
				INFOPLIST_FILE = iOS/Info.plist;
				IPHONEOS_DEPLOYMENT_TARGET = 14.0;
				LD_RUNPATH_SEARCH_PATHS = (
					"$(inherited)",
					"@executable_path/Frameworks",
				);
				PRODUCT_BUNDLE_IDENTIFIER = jp.tret.MyApp;
				PRODUCT_NAME = MyApp;
				SDKROOT = iphoneos;
				SWIFT_VERSION = 5.0;
				TARGETED_DEVICE_FAMILY = "1,2";
				VALIDATE_PRODUCT = YES;
			};
			name = Release;
		};
		CB0F13972656BEAF00162F1F /* Debug */ = {
			isa = XCBuildConfiguration;
			buildSettings = {
				ASSETCATALOG_COMPILER_APPICON_NAME = AppIcon;
				ASSETCATALOG_COMPILER_GLOBAL_ACCENT_COLOR_NAME = AccentColor;
				CODE_SIGN_ENTITLEMENTS = macOS/macOS.entitlements;
				CODE_SIGN_STYLE = Automatic;
				COMBINE_HIDPI_IMAGES = YES;
				DEVELOPMENT_TEAM = "";
				ENABLE_HARDENED_RUNTIME = YES;
				ENABLE_PREVIEWS = YES;
				INFOPLIST_FILE = macOS/Info.plist;
				LD_RUNPATH_SEARCH_PATHS = (
					"$(inherited)",
					"@executable_path/../Frameworks",
				);
				MACOSX_DEPLOYMENT_TARGET = 11.0;
				PRODUCT_BUNDLE_IDENTIFIER = jp.tret.MyApp;
				PRODUCT_NAME = MyApp;
				SDKROOT = macosx;
				SWIFT_VERSION = 5.0;
			};
			name = Debug;
		};
		CB0F13982656BEAF00162F1F /* Release */ = {
			isa = XCBuildConfiguration;
			buildSettings = {
				ASSETCATALOG_COMPILER_APPICON_NAME = AppIcon;
				ASSETCATALOG_COMPILER_GLOBAL_ACCENT_COLOR_NAME = AccentColor;
				CODE_SIGN_ENTITLEMENTS = macOS/macOS.entitlements;
				CODE_SIGN_STYLE = Automatic;
				COMBINE_HIDPI_IMAGES = YES;
				DEVELOPMENT_TEAM = "";
				ENABLE_HARDENED_RUNTIME = YES;
				ENABLE_PREVIEWS = YES;
				INFOPLIST_FILE = macOS/Info.plist;
				LD_RUNPATH_SEARCH_PATHS = (
					"$(inherited)",
					"@executable_path/../Frameworks",
				);
				MACOSX_DEPLOYMENT_TARGET = 11.0;
				PRODUCT_BUNDLE_IDENTIFIER = jp.tret.MyApp;
				PRODUCT_NAME = MyApp;
				SDKROOT = macosx;
				SWIFT_VERSION = 5.0;
			};
			name = Release;
		};
/* End XCBuildConfiguration section */

/* Begin XCConfigurationList section */
		CB0F13762656BEAE00162F1F /* Build configuration list for PBXProject "MyApp" */ = {
			isa = XCConfigurationList;
			buildConfigurations = (
				CB0F13912656BEAF00162F1F /* Debug */,
				CB0F13922656BEAF00162F1F /* Release */,
			);
			defaultConfigurationIsVisible = 0;
			defaultConfigurationName = Release;
		};
		CB0F13932656BEAF00162F1F /* Build configuration list for PBXNativeTarget "MyApp (iOS)" */ = {
			isa = XCConfigurationList;
			buildConfigurations = (
				CB0F13942656BEAF00162F1F /* Debug */,
				CB0F13952656BEAF00162F1F /* Release */,
			);
			defaultConfigurationIsVisible = 0;
			defaultConfigurationName = Release;
		};
		CB0F13962656BEAF00162F1F /* Build configuration list for PBXNativeTarget "MyApp (macOS)" */ = {
			isa = XCConfigurationList;
			buildConfigurations = (
				CB0F13972656BEAF00162F1F /* Debug */,
				CB0F13982656BEAF00162F1F /* Release */,
			);
			defaultConfigurationIsVisible = 0;
			defaultConfigurationName = Release;
		};
/* End XCConfigurationList section */

/* Begin XCSwiftPackageProductDependency section */
		CB0F139B2656C29100162F1F /* MyAppPackage */ = {
			isa = XCSwiftPackageProductDependency;
			productName = MyAppPackage;
		};
		CB0F139D2656C30900162F1F /* MyAppPackage */ = {
			isa = XCSwiftPackageProductDependency;
			productName = MyAppPackage;
		};
/* End XCSwiftPackageProductDependency section */
	};
	rootObject = CB0F13732656BEAE00162F1F /* Project object */;
}
